
Microsoft Visual Studio Solution File, Format Version 12.00
# Visual Studio Version 17
VisualStudioVersion = 17.13.35828.75
MinimumVisualStudioVersion = 10.0.40219.1
Project("{FAE04EC0-301F-11D3-BF4B-00C04F79EFBC}") = "CarRental.Domain", "CarRental.Domain\CarRental.Domain.csproj", "{CF36AC94-4B20-45FB-B7CB-BA284703D839}"
EndProject
Project("{FAE04EC0-301F-11D3-BF4B-00C04F79EFBC}") = "CarRental.Tests", "CarRental.Tests\CarRental.Tests.csproj", "{8889E66F-E968-4704-9865-194B97EC4C52}"
EndProject
Project("{FAE04EC0-301F-11D3-BF4B-00C04F79EFBC}") = "CarRental.Infrastructure.EfCore", "CarRental.Infrastructure.EfCore\CarRental.Infrastructure.EfCore.csproj", "{7B24C415-0B9B-4813-A15D-B6FEF2A9DD54}"
EndProject
Project("{FAE04EC0-301F-11D3-BF4B-00C04F79EFBC}") = "CarRental.Application", "CarRental.Application\CarRental.Application.csproj", "{075A0F16-7478-4FE3-8DF6-DE50AE913DB6}"
EndProject
Project("{FAE04EC0-301F-11D3-BF4B-00C04F79EFBC}") = "CarRental.Application.Contracts", "CarRental.Application.Contracts\CarRental.Application.Contracts.csproj", "{D32DCDE6-B508-49A4-AE45-D70AA40DC7A3}"
EndProject
Project("{FAE04EC0-301F-11D3-BF4B-00C04F79EFBC}") = "CarRental.Domain.Shared", "CarRental.Domain.Shared\CarRental.Domain.Shared.csproj", "{B682DF81-908A-4474-90ED-4245AAD37BAB}"
EndProject
Project("{FAE04EC0-301F-11D3-BF4B-00C04F79EFBC}") = "CarRental.Api.Host", "CarRental.Api.Host\CarRental.Api.Host.csproj", "{775FA0C7-2ED0-E59F-ADBF-F1495414F9B8}"
EndProject
Project("{FAE04EC0-301F-11D3-BF4B-00C04F79EFBC}") = "CarRental.AppHost", "CarRental.AppHost\CarRental.AppHost.csproj", "{040B067C-1E06-4465-A845-74B1155B2189}"
EndProject
Project("{FAE04EC0-301F-11D3-BF4B-00C04F79EFBC}") = "CarRental.ServiceDefaults", "CarRental.ServiceDefaults\CarRental.ServiceDefaults.csproj", "{5D2BF94D-59D5-96DD-67AA-FD337168498F}"
EndProject
Global
	GlobalSection(SolutionConfigurationPlatforms) = preSolution
		Debug|Any CPU = Debug|Any CPU
		Release|Any CPU = Release|Any CPU
	EndGlobalSection
	GlobalSection(ProjectConfigurationPlatforms) = postSolution
		{CF36AC94-4B20-45FB-B7CB-BA284703D839}.Debug|Any CPU.ActiveCfg = Debug|Any CPU
		{CF36AC94-4B20-45FB-B7CB-BA284703D839}.Debug|Any CPU.Build.0 = Debug|Any CPU
		{CF36AC94-4B20-45FB-B7CB-BA284703D839}.Release|Any CPU.ActiveCfg = Release|Any CPU
		{CF36AC94-4B20-45FB-B7CB-BA284703D839}.Release|Any CPU.Build.0 = Release|Any CPU
		{8889E66F-E968-4704-9865-194B97EC4C52}.Debug|Any CPU.ActiveCfg = Debug|Any CPU
		{8889E66F-E968-4704-9865-194B97EC4C52}.Debug|Any CPU.Build.0 = Debug|Any CPU
		{8889E66F-E968-4704-9865-194B97EC4C52}.Release|Any CPU.ActiveCfg = Release|Any CPU
		{8889E66F-E968-4704-9865-194B97EC4C52}.Release|Any CPU.Build.0 = Release|Any CPU
		{7B24C415-0B9B-4813-A15D-B6FEF2A9DD54}.Debug|Any CPU.ActiveCfg = Debug|Any CPU
		{7B24C415-0B9B-4813-A15D-B6FEF2A9DD54}.Debug|Any CPU.Build.0 = Debug|Any CPU
		{7B24C415-0B9B-4813-A15D-B6FEF2A9DD54}.Release|Any CPU.ActiveCfg = Release|Any CPU
		{7B24C415-0B9B-4813-A15D-B6FEF2A9DD54}.Release|Any CPU.Build.0 = Release|Any CPU
		{075A0F16-7478-4FE3-8DF6-DE50AE913DB6}.Debug|Any CPU.ActiveCfg = Debug|Any CPU
		{075A0F16-7478-4FE3-8DF6-DE50AE913DB6}.Debug|Any CPU.Build.0 = Debug|Any CPU
		{075A0F16-7478-4FE3-8DF6-DE50AE913DB6}.Release|Any CPU.ActiveCfg = Release|Any CPU
		{075A0F16-7478-4FE3-8DF6-DE50AE913DB6}.Release|Any CPU.Build.0 = Release|Any CPU
		{D32DCDE6-B508-49A4-AE45-D70AA40DC7A3}.Debug|Any CPU.ActiveCfg = Debug|Any CPU
		{D32DCDE6-B508-49A4-AE45-D70AA40DC7A3}.Debug|Any CPU.Build.0 = Debug|Any CPU
		{D32DCDE6-B508-49A4-AE45-D70AA40DC7A3}.Release|Any CPU.ActiveCfg = Release|Any CPU
		{D32DCDE6-B508-49A4-AE45-D70AA40DC7A3}.Release|Any CPU.Build.0 = Release|Any CPU
		{B682DF81-908A-4474-90ED-4245AAD37BAB}.Debug|Any CPU.ActiveCfg = Debug|Any CPU
		{B682DF81-908A-4474-90ED-4245AAD37BAB}.Debug|Any CPU.Build.0 = Debug|Any CPU
		{B682DF81-908A-4474-90ED-4245AAD37BAB}.Release|Any CPU.ActiveCfg = Release|Any CPU
		{B682DF81-908A-4474-90ED-4245AAD37BAB}.Release|Any CPU.Build.0 = Release|Any CPU
		{775FA0C7-2ED0-E59F-ADBF-F1495414F9B8}.Debug|Any CPU.ActiveCfg = Debug|Any CPU
		{775FA0C7-2ED0-E59F-ADBF-F1495414F9B8}.Debug|Any CPU.Build.0 = Debug|Any CPU
		{775FA0C7-2ED0-E59F-ADBF-F1495414F9B8}.Release|Any CPU.ActiveCfg = Release|Any CPU
		{775FA0C7-2ED0-E59F-ADBF-F1495414F9B8}.Release|Any CPU.Build.0 = Release|Any CPU
		{040B067C-1E06-4465-A845-74B1155B2189}.Debug|Any CPU.ActiveCfg = Debug|Any CPU
		{040B067C-1E06-4465-A845-74B1155B2189}.Debug|Any CPU.Build.0 = Debug|Any CPU
		{040B067C-1E06-4465-A845-74B1155B2189}.Release|Any CPU.ActiveCfg = Release|Any CPU
		{040B067C-1E06-4465-A845-74B1155B2189}.Release|Any CPU.Build.0 = Release|Any CPU
		{5D2BF94D-59D5-96DD-67AA-FD337168498F}.Debug|Any CPU.ActiveCfg = Debug|Any CPU
		{5D2BF94D-59D5-96DD-67AA-FD337168498F}.Debug|Any CPU.Build.0 = Debug|Any CPU
		{5D2BF94D-59D5-96DD-67AA-FD337168498F}.Release|Any CPU.ActiveCfg = Release|Any CPU
		{5D2BF94D-59D5-96DD-67AA-FD337168498F}.Release|Any CPU.Build.0 = Release|Any CPU
	EndGlobalSection
	GlobalSection(SolutionProperties) = preSolution
		HideSolutionNode = FALSE
	EndGlobalSection
	GlobalSection(ExtensibilityGlobals) = postSolution
		SolutionGuid = {1C750127-4039-46AA-934E-9230CA6ED103}
	EndGlobalSection
EndGlobal
